dependencies:
- name: manifest-storage-service-chart
  repository: oci://quay.io/sbomer
  version: 0.1.8
- name: sbom-service-chart
  repository: oci://quay.io/sbomer
  version: 0.1.5
- name: syft-generator-chart
  repository: oci://quay.io/sbomer
  version: 0.1.7
- name: ui-chart
  repository: oci://quay.io/sbomer
  version: 0.1.6
digest: sha256:3bc81c45100a58928f171a54f4c8191fe8a1bdffa48d550aac55cc1698878daa
generated: "2025-12-23T11:28:09.96712342+11:00"
