dependencies:
- name: manifest-storage-service-chart
  repository: oci://quay.io/sbomer
  version: 0.1.6
- name: sbom-service-chart
  repository: oci://quay.io/sbomer
  version: 0.1.3
- name: syft-generator-chart
  repository: oci://quay.io/sbomer
  version: 0.1.4
digest: sha256:18ef82f85a185e1628aa0c06bcf1d02924bda6cf3cc8cd65f4a5103e30022f99
generated: "2025-12-16T10:52:09.357873+01:00"
